<Solution>
  <Folder Name="/Agents/">
    <Project Path="KubernetesAgent/KubernetesAgent.csproj" />
    <Project Path="ObservabilityAgent/ObservabilityAgent.csproj" />
    <Project Path="SessionProjects.Agents.Common/SessionProjects.Agents.Common.csproj" />
    <Project Path="SreAdvisorAgent/SreAdvisorAgent.csproj" />
  </Folder>
  <Folder Name="/Aspire/">
    <Project Path="SessionProjects.AppHost/SessionProjects.AppHost.csproj" />
    <Project Path="SessionProjects.ServiceDefaults/SessionProjects.ServiceDefaults.csproj" />
  </Folder>
  <Folder Name="/Microservices/">
    <Project Path="Microservice1.API/Microservice1.API.csproj" />
    <Project Path="Microservice2.API/Microservice2.API.csproj" />
  </Folder>
  <Folder Name="/Shared/">
    <Project Path="SessionProjects.Contracts/SessionProjects.Contracts.csproj" />
  </Folder>
  <Folder Name="/Solution Items/">
    <File Path="compose.yaml" />
  </Folder>
</Solution>
